
Microsoft Visual Studio Solution File, Format Version 12.00
# Visual Studio Version 16
VisualStudioVersion = 16.0.34114.132
MinimumVisualStudioVersion = 10.0.40219.1
Project("{F14B399A-7131-4C87-9E4B-1186C45EF12D}") = "Proyecto de informe1", "Proyecto de informe1\Proyecto de informe1.rptproj", "{00E595CC-4A38-45EB-9708-BFBA60CE7765}"
EndProject
Global
	GlobalSection(SolutionConfigurationPlatforms) = preSolution
		Debug|Default = Debug|Default
		DebugLocal|Default = DebugLocal|Default
		Release|Default = Release|Default
	EndGlobalSection
	GlobalSection(ProjectConfigurationPlatforms) = postSolution
		{00E595CC-4A38-45EB-9708-BFBA60CE7765}.Debug|Default.ActiveCfg = Debug
		{00E595CC-4A38-45EB-9708-BFBA60CE7765}.Debug|Default.Build.0 = Debug
		{00E595CC-4A38-45EB-9708-BFBA60CE7765}.Debug|Default.Deploy.0 = Debug
		{00E595CC-4A38-45EB-9708-BFBA60CE7765}.DebugLocal|Default.ActiveCfg = DebugLocal
		{00E595CC-4A38-45EB-9708-BFBA60CE7765}.DebugLocal|Default.Build.0 = DebugLocal
		{00E595CC-4A38-45EB-9708-BFBA60CE7765}.Release|Default.ActiveCfg = Release
		{00E595CC-4A38-45EB-9708-BFBA60CE7765}.Release|Default.Build.0 = Release
		{00E595CC-4A38-45EB-9708-BFBA60CE7765}.Release|Default.Deploy.0 = Release
	EndGlobalSection
	GlobalSection(SolutionProperties) = preSolution
		HideSolutionNode = FALSE
	EndGlobalSection
	GlobalSection(ExtensibilityGlobals) = postSolution
		SolutionGuid = {B6D038C2-40AF-4D36-90E2-0A9FF734B62E}
	EndGlobalSection
EndGlobal
